
Microsoft Visual Studio Solution File, Format Version 12.00
# Visual Studio Version 17
VisualStudioVersion = 17.9.34616.47
MinimumVisualStudioVersion = 10.0.40219.1
Project("{9A19103F-16F7-4668-BE54-9A1E7A4F7556}") = "Welcome", "Welcome\Welcome.csproj", "{ED6F84C8-A880-46E5-82E1-E5A371EB05F8}"
EndProject
Project("{9A19103F-16F7-4668-BE54-9A1E7A4F7556}") = "WelcomeExtended", "WelcomeExtended\WelcomeExtended.csproj", "{85A4D5CB-AA2D-4606-8B51-E37EF7886470}"
EndProject
Project("{9A19103F-16F7-4668-BE54-9A1E7A4F7556}") = "DataLayer", "DataLayer\DataLayer.csproj", "{F2468E38-52CC-4591-B2FE-82A85CA37EF3}"
EndProject
Project("{FAE04EC0-301F-11D3-BF4B-00C04F79EFBC}") = "UI", "UI\UI.csproj", "{17B69453-A942-4C26-911D-69DDA1D72836}"
EndProject
Global
	GlobalSection(SolutionConfigurationPlatforms) = preSolution
		Debug|Any CPU = Debug|Any CPU
		Release|Any CPU = Release|Any CPU
	EndGlobalSection
	GlobalSection(ProjectConfigurationPlatforms) = postSolution
		{ED6F84C8-A880-46E5-82E1-E5A371EB05F8}.Debug|Any CPU.ActiveCfg = Debug|Any CPU
		{ED6F84C8-A880-46E5-82E1-E5A371EB05F8}.Debug|Any CPU.Build.0 = Debug|Any CPU
		{ED6F84C8-A880-46E5-82E1-E5A371EB05F8}.Release|Any CPU.ActiveCfg = Release|Any CPU
		{ED6F84C8-A880-46E5-82E1-E5A371EB05F8}.Release|Any CPU.Build.0 = Release|Any CPU
		{85A4D5CB-AA2D-4606-8B51-E37EF7886470}.Debug|Any CPU.ActiveCfg = Debug|Any CPU
		{85A4D5CB-AA2D-4606-8B51-E37EF7886470}.Debug|Any CPU.Build.0 = Debug|Any CPU
		{85A4D5CB-AA2D-4606-8B51-E37EF7886470}.Release|Any CPU.ActiveCfg = Release|Any CPU
		{85A4D5CB-AA2D-4606-8B51-E37EF7886470}.Release|Any CPU.Build.0 = Release|Any CPU
		{F2468E38-52CC-4591-B2FE-82A85CA37EF3}.Debug|Any CPU.ActiveCfg = Debug|Any CPU
		{F2468E38-52CC-4591-B2FE-82A85CA37EF3}.Debug|Any CPU.Build.0 = Debug|Any CPU
		{F2468E38-52CC-4591-B2FE-82A85CA37EF3}.Release|Any CPU.ActiveCfg = Release|Any CPU
		{F2468E38-52CC-4591-B2FE-82A85CA37EF3}.Release|Any CPU.Build.0 = Release|Any CPU
		{17B69453-A942-4C26-911D-69DDA1D72836}.Debug|Any CPU.ActiveCfg = Debug|Any CPU
		{17B69453-A942-4C26-911D-69DDA1D72836}.Debug|Any CPU.Build.0 = Debug|Any CPU
		{17B69453-A942-4C26-911D-69DDA1D72836}.Release|Any CPU.ActiveCfg = Release|Any CPU
		{17B69453-A942-4C26-911D-69DDA1D72836}.Release|Any CPU.Build.0 = Release|Any CPU
	EndGlobalSection
	GlobalSection(SolutionProperties) = preSolution
		HideSolutionNode = FALSE
	EndGlobalSection
	GlobalSection(ExtensibilityGlobals) = postSolution
		SolutionGuid = {C04310A4-8D77-4FFC-AF60-5A80031C5819}
	EndGlobalSection
EndGlobal
